
Microsoft Visual Studio Solution File, Format Version 12.00
# Visual Studio Version 17
VisualStudioVersion = 17.2.32519.379
MinimumVisualStudioVersion = 10.0.40219.1
Project("{FAE04EC0-301F-11D3-BF4B-00C04F79EFBC}") = "MoodAnanlsyer_problem", "MoodAnanlsyer_problem\MoodAnanlsyer_problem.csproj", "{E8E8CFDE-AD16-48A8-999B-9DF694CEC0F7}"
EndProject
Project("{FAE04EC0-301F-11D3-BF4B-00C04F79EFBC}") = "TestProject1", "TestProject1\TestProject1.csproj", "{FF3E288D-1912-48B8-AE38-8B37CD88D606}"
EndProject
Global
	GlobalSection(SolutionConfigurationPlatforms) = preSolution
		Debug|Any CPU = Debug|Any CPU
		Release|Any CPU = Release|Any CPU
	EndGlobalSection
	GlobalSection(ProjectConfigurationPlatforms) = postSolution
		{E8E8CFDE-AD16-48A8-999B-9DF694CEC0F7}.Debug|Any CPU.ActiveCfg = Debug|Any CPU
		{E8E8CFDE-AD16-48A8-999B-9DF694CEC0F7}.Debug|Any CPU.Build.0 = Debug|Any CPU
		{E8E8CFDE-AD16-48A8-999B-9DF694CEC0F7}.Release|Any CPU.ActiveCfg = Release|Any CPU
		{E8E8CFDE-AD16-48A8-999B-9DF694CEC0F7}.Release|Any CPU.Build.0 = Release|Any CPU
		{FF3E288D-1912-48B8-AE38-8B37CD88D606}.Debug|Any CPU.ActiveCfg = Debug|Any CPU
		{FF3E288D-1912-48B8-AE38-8B37CD88D606}.Debug|Any CPU.Build.0 = Debug|Any CPU
		{FF3E288D-1912-48B8-AE38-8B37CD88D606}.Release|Any CPU.ActiveCfg = Release|Any CPU
		{FF3E288D-1912-48B8-AE38-8B37CD88D606}.Release|Any CPU.Build.0 = Release|Any CPU
	EndGlobalSection
	GlobalSection(SolutionProperties) = preSolution
		HideSolutionNode = FALSE
	EndGlobalSection
	GlobalSection(ExtensibilityGlobals) = postSolution
		SolutionGuid = {4EE83778-59AC-4356-8FE6-D6853AD49388}
	EndGlobalSection
EndGlobal
